<?xml version="1.0" encoding="utf-8"?>
<Project ToolsVersion="4.0" xmlns="http://schemas.microsoft.com/developer/msbuild/2003">
  <ItemGroup>
    <Filter Include="소스 파일">
      <UniqueIdentifier>{4FC737F1-C7A5-4376-A066-2A32D752A2FF}</UniqueIdentifier>
      <Extensions>cpp;c;cc;cxx;c++;cppm;ixx;def;odl;idl;hpj;bat;asm;asmx</Extensions>
    </Filter>
    <Filter Include="헤더 파일">
      <UniqueIdentifier>{93995380-89BD-4b04-88EB-625FBE52EBFB}</UniqueIdentifier>
      <Extensions>h;hh;hpp;hxx;h++;hm;inl;inc;ipp;xsd</Extensions>
    </Filter>
    <Filter Include="리소스 파일">
      <UniqueIdentifier>{67DA6AB6-F800-4c08-8B7A-83BB121AAD01}</UniqueIdentifier>
      <Extensions>rc;ico;cur;bmp;dlg;rc2;rct;bin;rgs;gif;jpg;jpeg;jpe;resx;tiff;tif;png;wav;mfcribbon-ms</Extensions>
    </Filter>
    <Filter Include="SimpleUDuck">
      <UniqueIdentifier>{fadcb446-dd78-4487-8584-475cee63cef0}</UniqueIdentifier>
    </Filter>
    <Filter Include="Observer">
      <UniqueIdentifier>{e2c3cd54-cd8c-4168-84b5-3551c366c351}</UniqueIdentifier>
    </Filter>
    <Filter Include="Decorator">
      <UniqueIdentifier>{a8a7b8ee-d755-4b56-87af-6c89fc384adb}</UniqueIdentifier>
    </Filter>
    <Filter Include="SimpleDecorator">
      <UniqueIdentifier>{bb334bfb-027f-4c4c-b1ba-c1608c5f4896}</UniqueIdentifier>
    </Filter>
    <Filter Include="Factory">
      <UniqueIdentifier>{9ca26ea7-c252-41fb-92bb-bad1d2761c18}</UniqueIdentifier>
    </Filter>
    <Filter Include="Singleton">
      <UniqueIdentifier>{9ec5f479-f68b-4450-8ab5-4b0c55a1b979}</UniqueIdentifier>
    </Filter>
    <Filter Include="Command">
      <UniqueIdentifier>{b120c9d1-f805-4eec-acd7-7703a5638870}</UniqueIdentifier>
    </Filter>
    <Filter Include="ObjectAdapter">
      <UniqueIdentifier>{63f4ac28-7cb2-43b0-999b-0730f9e7030c}</UniqueIdentifier>
    </Filter>
    <Filter Include="ClassAdapter">
      <UniqueIdentifier>{e6c91c9c-cb7e-4e02-9b41-33c47f7fc548}</UniqueIdentifier>
    </Filter>
    <Filter Include="HookOnTemplateMethod">
      <UniqueIdentifier>{f4729675-2fa8-4007-aa8d-a9d92c22d999}</UniqueIdentifier>
    </Filter>
    <Filter Include="Composite">
      <UniqueIdentifier>{f5513118-5611-4fc2-acd3-d17a0de22145}</UniqueIdentifier>
    </Filter>
    <Filter Include="State">
      <UniqueIdentifier>{a40d7e69-16db-4dc7-9459-278b983d0434}</UniqueIdentifier>
    </Filter>
  </ItemGroup>
  <ItemGroup>
    <ClCompile Include="DesignPattern.cpp">
      <Filter>소스 파일</Filter>
    </ClCompile>
    <ClCompile Include="Duck.cpp">
      <Filter>SimpleUDuck</Filter>
    </ClCompile>
    <ClCompile Include="Quack.cpp">
      <Filter>SimpleUDuck</Filter>
    </ClCompile>
    <ClCompile Include="Squeak.cpp">
      <Filter>SimpleUDuck</Filter>
    </ClCompile>
    <ClCompile Include="FlyWithWings.cpp">
      <Filter>SimpleUDuck</Filter>
    </ClCompile>
    <ClCompile Include="FlyNoWings.cpp">
      <Filter>SimpleUDuck</Filter>
    </ClCompile>
    <ClCompile Include="MallardDuck.cpp">
      <Filter>SimpleUDuck</Filter>
    </ClCompile>
    <ClCompile Include="MuteQuack.cpp">
      <Filter>SimpleUDuck</Filter>
    </ClCompile>
    <ClCompile Include="WeatherData.cpp">
      <Filter>Observer</Filter>
    </ClCompile>
    <ClCompile Include="CurrentConditionDisplay.cpp">
      <Filter>Observer</Filter>
    </ClCompile>
    <ClCompile Include="ForecastDisplay.cpp">
      <Filter>Observer</Filter>
    </ClCompile>
    <ClCompile Include="Espresso.cpp">
      <Filter>Decorator</Filter>
    </ClCompile>
    <ClCompile Include="HouseBlend.cpp">
      <Filter>Decorator</Filter>
    </ClCompile>
    <ClCompile Include="Mocha.cpp">
      <Filter>Decorator</Filter>
    </ClCompile>
    <ClCompile Include="DarkRoast.cpp">
      <Filter>Decorator</Filter>
    </ClCompile>
    <ClCompile Include="SDarkRoast.cpp">
      <Filter>SimpleDecorator</Filter>
    </ClCompile>
    <ClCompile Include="SMocha.cpp">
      <Filter>SimpleDecorator</Filter>
    </ClCompile>
    <ClCompile Include="ThinDough.cpp">
      <Filter>Factory</Filter>
    </ClCompile>
    <ClCompile Include="ThickDough.cpp">
      <Filter>Factory</Filter>
    </ClCompile>
    <ClCompile Include="MarianaSauce.cpp">
      <Filter>Factory</Filter>
    </ClCompile>
    <ClCompile Include="TomatoSauce.cpp">
      <Filter>Factory</Filter>
    </ClCompile>
    <ClCompile Include="ReggianoCheese.cpp">
      <Filter>Factory</Filter>
    </ClCompile>
    <ClCompile Include="MozzarellaCheese.cpp">
      <Filter>Factory</Filter>
    </ClCompile>
    <ClCompile Include="NYIngredientsFactory.cpp">
      <Filter>Factory</Filter>
    </ClCompile>
    <ClCompile Include="ChicagoIngredientsFactory.cpp">
      <Filter>Factory</Filter>
    </ClCompile>
    <ClCompile Include="NYPizzaStore.cpp">
      <Filter>Factory</Filter>
    </ClCompile>
    <ClCompile Include="Singleton.cpp">
      <Filter>Singleton</Filter>
    </ClCompile>
    <ClCompile Include="RemoteControl.cpp">
      <Filter>Command</Filter>
    </ClCompile>
    <ClCompile Include="LightControlCommand.cpp">
      <Filter>Command</Filter>
    </ClCompile>
    <ClCompile Include="DoorControlCommand.cpp">
      <Filter>Command</Filter>
    </ClCompile>
    <ClCompile Include="RemoteLoader.cpp">
      <Filter>Command</Filter>
    </ClCompile>
    <ClCompile Include="MultiControlCommand.cpp">
      <Filter>Command</Filter>
    </ClCompile>
    <ClCompile Include="OldMallardDuck.cpp">
      <Filter>ObjectAdapter</Filter>
    </ClCompile>
    <ClCompile Include="WildTurkey.cpp">
      <Filter>ObjectAdapter</Filter>
    </ClCompile>
    <ClCompile Include="TurkeyAdapter.cpp">
      <Filter>ObjectAdapter</Filter>
    </ClCompile>
    <ClCompile Include="ClsAdapter.cpp">
      <Filter>ClassAdapter</Filter>
    </ClCompile>
    <ClCompile Include="CoffeeWithHook.cpp">
      <Filter>HookOnTemplateMethod</Filter>
    </ClCompile>
    <ClCompile Include="TeaWithHook.cpp">
      <Filter>HookOnTemplateMethod</Filter>
    </ClCompile>
    <ClCompile Include="BumballMachine.cpp">
      <Filter>State</Filter>
    </ClCompile>
    <ClCompile Include="NoQuaterState.cpp">
      <Filter>State</Filter>
    </ClCompile>
    <ClCompile Include="HasQuarterState.cpp">
      <Filter>State</Filter>
    </ClCompile>
    <ClCompile Include="SoldState.cpp">
      <Filter>State</Filter>
    </ClCompile>
    <ClCompile Include="SoldOutState.cpp">
      <Filter>State</Filter>
    </ClCompile>
  </ItemGroup>
  <ItemGroup>
    <ClInclude Include="Duck.h">
      <Filter>SimpleUDuck</Filter>
    </ClInclude>
    <ClInclude Include="InterfaceUtil.h">
      <Filter>SimpleUDuck</Filter>
    </ClInclude>
    <ClInclude Include="Quack.h">
      <Filter>SimpleUDuck</Filter>
    </ClInclude>
    <ClInclude Include="Squeak.h">
      <Filter>SimpleUDuck</Filter>
    </ClInclude>
    <ClInclude Include="FlyWithWings.h">
      <Filter>SimpleUDuck</Filter>
    </ClInclude>
    <ClInclude Include="FlyNoWings.h">
      <Filter>SimpleUDuck</Filter>
    </ClInclude>
    <ClInclude Include="MallardDuck.h">
      <Filter>SimpleUDuck</Filter>
    </ClInclude>
    <ClInclude Include="MuteQuack.h">
      <Filter>SimpleUDuck</Filter>
    </ClInclude>
    <ClInclude Include="SOInterface.h">
      <Filter>Observer</Filter>
    </ClInclude>
    <ClInclude Include="WeatherData.h">
      <Filter>Observer</Filter>
    </ClInclude>
    <ClInclude Include="CurrentConditionDisplay.h">
      <Filter>Observer</Filter>
    </ClInclude>
    <ClInclude Include="ForecastDisplay.h">
      <Filter>Observer</Filter>
    </ClInclude>
    <ClInclude Include="IBeverage.h">
      <Filter>Decorator</Filter>
    </ClInclude>
    <ClInclude Include="Espresso.h">
      <Filter>Decorator</Filter>
    </ClInclude>
    <ClInclude Include="HouseBlend.h">
      <Filter>Decorator</Filter>
    </ClInclude>
    <ClInclude Include="Mocha.h">
      <Filter>Decorator</Filter>
    </ClInclude>
    <ClInclude Include="DarkRoast.h">
      <Filter>Decorator</Filter>
    </ClInclude>
    <ClInclude Include="SIBeverage.h">
      <Filter>SimpleDecorator</Filter>
    </ClInclude>
    <ClInclude Include="SDarkRoast.h">
      <Filter>SimpleDecorator</Filter>
    </ClInclude>
    <ClInclude Include="SMocha.h">
      <Filter>SimpleDecorator</Filter>
    </ClInclude>
    <ClInclude Include="Ingredients.h">
      <Filter>Factory</Filter>
    </ClInclude>
    <ClInclude Include="ThinDough.h">
      <Filter>Factory</Filter>
    </ClInclude>
    <ClInclude Include="ThickDough.h">
      <Filter>Factory</Filter>
    </ClInclude>
    <ClInclude Include="MarianaSauce.h">
      <Filter>Factory</Filter>
    </ClInclude>
    <ClInclude Include="TomatoSauce.h">
      <Filter>Factory</Filter>
    </ClInclude>
    <ClInclude Include="ReggianoCheese.h">
      <Filter>Factory</Filter>
    </ClInclude>
    <ClInclude Include="MozzarellaCheese.h">
      <Filter>Factory</Filter>
    </ClInclude>
    <ClInclude Include="NYIngredientsFactory.h">
      <Filter>Factory</Filter>
    </ClInclude>
    <ClInclude Include="ChicagoIngredientsFactory.h">
      <Filter>Factory</Filter>
    </ClInclude>
    <ClInclude Include="NYPizzaStore.h">
      <Filter>Factory</Filter>
    </ClInclude>
    <ClInclude Include="Singleton.h">
      <Filter>Singleton</Filter>
    </ClInclude>
    <ClInclude Include="CInterfaceUtil.h">
      <Filter>Command</Filter>
    </ClInclude>
    <ClInclude Include="RemoteControl.h">
      <Filter>Command</Filter>
    </ClInclude>
    <ClInclude Include="LightControlCommand.h">
      <Filter>Command</Filter>
    </ClInclude>
    <ClInclude Include="DoorControlCommand.h">
      <Filter>Command</Filter>
    </ClInclude>
    <ClInclude Include="RemoteLoader.h">
      <Filter>Command</Filter>
    </ClInclude>
    <ClInclude Include="MultiControlCommand.h">
      <Filter>Command</Filter>
    </ClInclude>
    <ClInclude Include="OAInterfaceUtil.h">
      <Filter>ObjectAdapter</Filter>
    </ClInclude>
    <ClInclude Include="OldMallardDuck.h">
      <Filter>ObjectAdapter</Filter>
    </ClInclude>
    <ClInclude Include="WildTurkey.h">
      <Filter>ObjectAdapter</Filter>
    </ClInclude>
    <ClInclude Include="TurkeyAdapter.h">
      <Filter>ObjectAdapter</Filter>
    </ClInclude>
    <ClInclude Include="ClsAdapter.h">
      <Filter>ClassAdapter</Filter>
    </ClInclude>
    <ClInclude Include="CaffeineBeverageWithHook.h">
      <Filter>HookOnTemplateMethod</Filter>
    </ClInclude>
    <ClInclude Include="CoffeeWithHook.h">
      <Filter>HookOnTemplateMethod</Filter>
    </ClInclude>
    <ClInclude Include="TeaWithHook.h">
      <Filter>HookOnTemplateMethod</Filter>
    </ClInclude>
    <ClInclude Include="MenuComponent.h">
      <Filter>Composite</Filter>
    </ClInclude>
    <ClInclude Include="MenuItem.h">
      <Filter>Composite</Filter>
    </ClInclude>
    <ClInclude Include="Menu.h">
      <Filter>Composite</Filter>
    </ClInclude>
    <ClInclude Include="State.h">
      <Filter>State</Filter>
    </ClInclude>
    <ClInclude Include="BumballMachine.h">
      <Filter>State</Filter>
    </ClInclude>
    <ClInclude Include="NoQuaterState.h">
      <Filter>State</Filter>
    </ClInclude>
    <ClInclude Include="HasQuarterState.h">
      <Filter>State</Filter>
    </ClInclude>
    <ClInclude Include="SoldState.h">
      <Filter>State</Filter>
    </ClInclude>
    <ClInclude Include="SoldOutState.h">
      <Filter>State</Filter>
    </ClInclude>
  </ItemGroup>
</Project>